<?xml version="1.0" encoding="utf-8"?>
<Project ToolsVersion="4.0" xmlns="http://schemas.microsoft.com/developer/msbuild/2003">
  <ItemGroup>
    <Filter Include="소스 파일">
      <UniqueIdentifier>{4FC737F1-C7A5-4376-A066-2A32D752A2FF}</UniqueIdentifier>
      <Extensions>cpp;c;cc;cxx;c++;cppm;ixx;def;odl;idl;hpj;bat;asm;asmx</Extensions>
    </Filter>
    <Filter Include="헤더 파일">
      <UniqueIdentifier>{93995380-89BD-4b04-88EB-625FBE52EBFB}</UniqueIdentifier>
      <Extensions>h;hh;hpp;hxx;h++;hm;inl;inc;ipp;xsd</Extensions>
    </Filter>
    <Filter Include="리소스 파일">
      <UniqueIdentifier>{67DA6AB6-F800-4c08-8B7A-83BB121AAD01}</UniqueIdentifier>
      <Extensions>rc;ico;cur;bmp;dlg;rc2;rct;bin;rgs;gif;jpg;jpeg;jpe;resx;tiff;tif;png;wav;mfcribbon-ms</Extensions>
    </Filter>
    <Filter Include="소스 파일\Scene">
      <UniqueIdentifier>{91f3a3b8-5619-4463-8870-49f5fbb83ecf}</UniqueIdentifier>
    </Filter>
    <Filter Include="헤더 파일\Scene">
      <UniqueIdentifier>{7e8288a9-faba-4b35-9529-3ef593fbf6cf}</UniqueIdentifier>
    </Filter>
    <Filter Include="소스 파일\Behavior Tree">
      <UniqueIdentifier>{569937ab-776e-4d0d-a4a8-ad84ec0220ee}</UniqueIdentifier>
    </Filter>
    <Filter Include="헤더 파일\Behavior Tree">
      <UniqueIdentifier>{496d7480-22f5-4aaf-8eee-9370258db71b}</UniqueIdentifier>
    </Filter>
    <Filter Include="헤더 파일\Object">
      <UniqueIdentifier>{da5f07b1-00a0-4494-8d29-d90c7d7cd201}</UniqueIdentifier>
    </Filter>
    <Filter Include="헤더 파일\Object\Character">
      <UniqueIdentifier>{652cfaad-c398-4a60-ad47-c7a6606d8c4e}</UniqueIdentifier>
    </Filter>
    <Filter Include="소스 파일\Object">
      <UniqueIdentifier>{560c7c62-97d7-4607-a57b-f37a90da9340}</UniqueIdentifier>
    </Filter>
    <Filter Include="소스 파일\Object\Character">
      <UniqueIdentifier>{5a8f9ecc-a6d6-4196-a787-751379f1c4d4}</UniqueIdentifier>
    </Filter>
    <Filter Include="헤더 파일\Object\Item">
      <UniqueIdentifier>{76d568f5-6f06-46e5-b6e9-68fa0ea3debb}</UniqueIdentifier>
    </Filter>
    <Filter Include="소스 파일\Object\Item">
      <UniqueIdentifier>{2021cb65-256d-45d4-a038-5ed23801f58c}</UniqueIdentifier>
    </Filter>
    <Filter Include="소스 파일\Stage">
      <UniqueIdentifier>{430be4ba-62e0-4a8e-8d64-1ebf4a4e2dc1}</UniqueIdentifier>
    </Filter>
    <Filter Include="헤더 파일\Stage">
      <UniqueIdentifier>{e9d1b269-18de-4414-b435-169565efe5ab}</UniqueIdentifier>
    </Filter>
    <Filter Include="헤더 파일\Object\Attack">
      <UniqueIdentifier>{f0f9beea-8e2e-497d-8658-33e917cfcf8d}</UniqueIdentifier>
    </Filter>
    <Filter Include="소스 파일\Object\Attack">
      <UniqueIdentifier>{6b558f91-edf0-4f72-a696-b037a0b513d4}</UniqueIdentifier>
    </Filter>
  </ItemGroup>
  <ItemGroup>
    <ClCompile Include="Main.cpp">
      <Filter>소스 파일</Filter>
    </ClCompile>
    <ClCompile Include="GameScene.cpp">
      <Filter>소스 파일\Scene</Filter>
    </ClCompile>
    <ClCompile Include="Scene.cpp">
      <Filter>소스 파일\Scene</Filter>
    </ClCompile>
    <ClCompile Include="Character.cpp">
      <Filter>소스 파일\Object\Character</Filter>
    </ClCompile>
    <ClCompile Include="Player.cpp">
      <Filter>소스 파일\Object\Character</Filter>
    </ClCompile>
    <ClCompile Include="Library.cpp">
      <Filter>소스 파일</Filter>
    </ClCompile>
    <ClCompile Include="Monster.cpp">
      <Filter>소스 파일\Object\Character</Filter>
    </ClCompile>
    <ClCompile Include="Node.cpp">
      <Filter>소스 파일\Behavior Tree</Filter>
    </ClCompile>
    <ClCompile Include="MonsterBehaviorTree.cpp">
      <Filter>소스 파일\Behavior Tree</Filter>
    </ClCompile>
    <ClCompile Include="Object.cpp">
      <Filter>소스 파일\Object</Filter>
    </ClCompile>
    <ClCompile Include="Money.cpp">
      <Filter>소스 파일\Object\Item</Filter>
    </ClCompile>
    <ClCompile Include="Item.cpp">
      <Filter>소스 파일\Object\Item</Filter>
    </ClCompile>
    <ClCompile Include="HPUP.cpp">
      <Filter>소스 파일\Object\Item</Filter>
    </ClCompile>
    <ClCompile Include="AttackUP.cpp">
      <Filter>소스 파일\Object\Item</Filter>
    </ClCompile>
    <ClCompile Include="NormalStage.cpp">
      <Filter>소스 파일\Stage</Filter>
    </ClCompile>
    <ClCompile Include="Stage.cpp">
      <Filter>소스 파일\Stage</Filter>
    </ClCompile>
    <ClCompile Include="BossStage.cpp">
      <Filter>소스 파일\Stage</Filter>
    </ClCompile>
    <ClCompile Include="BossBehaviorTree.cpp">
      <Filter>소스 파일\Behavior Tree</Filter>
    </ClCompile>
    <ClCompile Include="BossMonster.cpp">
      <Filter>소스 파일\Object\Character</Filter>
    </ClCompile>
    <ClCompile Include="Bullet.cpp">
      <Filter>소스 파일\Object\Attack</Filter>
    </ClCompile>
    <ClCompile Include="FireBall.cpp">
      <Filter>소스 파일\Object\Attack</Filter>
    </ClCompile>
    <ClCompile Include="TitleScene.cpp">
      <Filter>소스 파일\Scene</Filter>
    </ClCompile>
    <ClCompile Include="SceneManager.cpp">
      <Filter>소스 파일\Scene</Filter>
    </ClCompile>
    <ClCompile Include="EndingScene.cpp">
      <Filter>소스 파일\Scene</Filter>
    </ClCompile>
    <ClCompile Include="StageManager.cpp">
      <Filter>소스 파일\Stage</Filter>
    </ClCompile>
  </ItemGroup>
  <ItemGroup>
    <ClInclude Include="Library.h">
      <Filter>헤더 파일</Filter>
    </ClInclude>
    <ClInclude Include="Character.h">
      <Filter>헤더 파일\Object\Character</Filter>
    </ClInclude>
    <ClInclude Include="Player.h">
      <Filter>헤더 파일\Object\Character</Filter>
    </ClInclude>
    <ClInclude Include="GameScene.h">
      <Filter>헤더 파일\Scene</Filter>
    </ClInclude>
    <ClInclude Include="Scene.h">
      <Filter>헤더 파일\Scene</Filter>
    </ClInclude>
    <ClInclude Include="Monster.h">
      <Filter>헤더 파일\Object\Character</Filter>
    </ClInclude>
    <ClInclude Include="Node.h">
      <Filter>헤더 파일\Behavior Tree</Filter>
    </ClInclude>
    <ClInclude Include="MonsterBehaviorTree.h">
      <Filter>헤더 파일\Behavior Tree</Filter>
    </ClInclude>
    <ClInclude Include="Object.h">
      <Filter>헤더 파일\Object</Filter>
    </ClInclude>
    <ClInclude Include="Item.h">
      <Filter>헤더 파일\Object\Item</Filter>
    </ClInclude>
    <ClInclude Include="Money.h">
      <Filter>헤더 파일\Object\Item</Filter>
    </ClInclude>
    <ClInclude Include="HPUP.h">
      <Filter>헤더 파일\Object\Item</Filter>
    </ClInclude>
    <ClInclude Include="AttackUP.h">
      <Filter>헤더 파일\Object\Item</Filter>
    </ClInclude>
    <ClInclude Include="NormalStage.h">
      <Filter>헤더 파일\Stage</Filter>
    </ClInclude>
    <ClInclude Include="Stage.h">
      <Filter>헤더 파일\Stage</Filter>
    </ClInclude>
    <ClInclude Include="BossStage.h">
      <Filter>헤더 파일\Stage</Filter>
    </ClInclude>
    <ClInclude Include="StageManager.h">
      <Filter>헤더 파일\Stage</Filter>
    </ClInclude>
    <ClInclude Include="BossBehaviorTree.h">
      <Filter>헤더 파일\Behavior Tree</Filter>
    </ClInclude>
    <ClInclude Include="BossMonster.h">
      <Filter>헤더 파일\Object\Character</Filter>
    </ClInclude>
    <ClInclude Include="FireBall.h">
      <Filter>헤더 파일\Object\Attack</Filter>
    </ClInclude>
    <ClInclude Include="Bullet.h">
      <Filter>헤더 파일\Object\Attack</Filter>
    </ClInclude>
    <ClInclude Include="EndingScene.h">
      <Filter>헤더 파일\Scene</Filter>
    </ClInclude>
    <ClInclude Include="TitleScene.h">
      <Filter>헤더 파일\Scene</Filter>
    </ClInclude>
    <ClInclude Include="SceneManager.h">
      <Filter>헤더 파일\Scene</Filter>
    </ClInclude>
  </ItemGroup>
</Project>