
Microsoft Visual Studio Solution File, Format Version 12.00
# Visual Studio Version 17
VisualStudioVersion = 17.10.35027.167
MinimumVisualStudioVersion = 10.0.40219.1
Project("{8BC9CEB8-8B4A-11D0-8D11-00A0C91BC942}") = "ConsoleProject", "ConsoleProject\ConsoleProject.vcxproj", "{4E4EE5C1-0968-42F0-B480-3BAE9E3F833B}"
EndProject
Global
	GlobalSection(SolutionConfigurationPlatforms) = preSolution
		Debug|x64 = Debug|x64
		Debug|x86 = Debug|x86
		Release|x64 = Release|x64
		Release|x86 = Release|x86
	EndGlobalSection
	GlobalSection(ProjectConfigurationPlatforms) = postSolution
		{4E4EE5C1-0968-42F0-B480-3BAE9E3F833B}.Debug|x64.ActiveCfg = Debug|x64
		{4E4EE5C1-0968-42F0-B480-3BAE9E3F833B}.Debug|x64.Build.0 = Debug|x64
		{4E4EE5C1-0968-42F0-B480-3BAE9E3F833B}.Debug|x86.ActiveCfg = Debug|Win32
		{4E4EE5C1-0968-42F0-B480-3BAE9E3F833B}.Debug|x86.Build.0 = Debug|Win32
		{4E4EE5C1-0968-42F0-B480-3BAE9E3F833B}.Release|x64.ActiveCfg = Release|x64
		{4E4EE5C1-0968-42F0-B480-3BAE9E3F833B}.Release|x64.Build.0 = Release|x64
		{4E4EE5C1-0968-42F0-B480-3BAE9E3F833B}.Release|x86.ActiveCfg = Release|Win32
		{4E4EE5C1-0968-42F0-B480-3BAE9E3F833B}.Release|x86.Build.0 = Release|Win32
	EndGlobalSection
	GlobalSection(SolutionProperties) = preSolution
		HideSolutionNode = FALSE
	EndGlobalSection
	GlobalSection(ExtensibilityGlobals) = postSolution
		SolutionGuid = {EADF2A37-55FE-475E-804B-AE63D2A15CE3}
	EndGlobalSection
EndGlobal
